
Microsoft Visual Studio Solution File, Format Version 12.00
# Visual Studio Version 16
VisualStudioVersion = 16.0.29519.181
MinimumVisualStudioVersion = 10.0.40219.1
Project("{FAE04EC0-301F-11D3-BF4B-00C04F79EFBC}") = "lab3_pr8", "lab3_pr8\lab3_pr8.csproj", "{26A2A1A4-A62A-4026-8AB9-EC0D09AF805D}"
EndProject
Global
	GlobalSection(SolutionConfigurationPlatforms) = preSolution
		Debug|Any CPU = Debug|Any CPU
		Release|Any CPU = Release|Any CPU
	EndGlobalSection
	GlobalSection(ProjectConfigurationPlatforms) = postSolution
		{26A2A1A4-A62A-4026-8AB9-EC0D09AF805D}.Debug|Any CPU.ActiveCfg = Debug|Any CPU
		{26A2A1A4-A62A-4026-8AB9-EC0D09AF805D}.Debug|Any CPU.Build.0 = Debug|Any CPU
		{26A2A1A4-A62A-4026-8AB9-EC0D09AF805D}.Release|Any CPU.ActiveCfg = Release|Any CPU
		{26A2A1A4-A62A-4026-8AB9-EC0D09AF805D}.Release|Any CPU.Build.0 = Release|Any CPU
	EndGlobalSection
	GlobalSection(SolutionProperties) = preSolution
		HideSolutionNode = FALSE
	EndGlobalSection
	GlobalSection(ExtensibilityGlobals) = postSolution
		SolutionGuid = {8054D041-33C8-4F74-9583-27249DC9758E}
	EndGlobalSection
EndGlobal
